
Microsoft Visual Studio Solution File, Format Version 12.00
# Visual Studio 15
VisualStudioVersion = 15.0.27703.2035
MinimumVisualStudioVersion = 10.0.40219.1
Project("{FAE04EC0-301F-11D3-BF4B-00C04F79EFBC}") = "RoslynPath", "RoslynPath.csproj", "{57364C66-7EA3-4526-9721-1D2108C19D40}"
EndProject
Project("{FAE04EC0-301F-11D3-BF4B-00C04F79EFBC}") = "UnitTests", "UnitTests\UnitTests.csproj", "{B3195C86-DA1A-456D-9BCC-987D35966DCB}"
EndProject
Global
	GlobalSection(SolutionConfigurationPlatforms) = preSolution
		Debug|Any CPU = Debug|Any CPU
		Release|Any CPU = Release|Any CPU
	EndGlobalSection
	GlobalSection(ProjectConfigurationPlatforms) = postSolution
		{57364C66-7EA3-4526-9721-1D2108C19D40}.Debug|Any CPU.ActiveCfg = Debug|Any CPU
		{57364C66-7EA3-4526-9721-1D2108C19D40}.Debug|Any CPU.Build.0 = Debug|Any CPU
		{57364C66-7EA3-4526-9721-1D2108C19D40}.Release|Any CPU.ActiveCfg = Release|Any CPU
		{57364C66-7EA3-4526-9721-1D2108C19D40}.Release|Any CPU.Build.0 = Release|Any CPU
		{B3195C86-DA1A-456D-9BCC-987D35966DCB}.Debug|Any CPU.ActiveCfg = Debug|Any CPU
		{B3195C86-DA1A-456D-9BCC-987D35966DCB}.Debug|Any CPU.Build.0 = Debug|Any CPU
		{B3195C86-DA1A-456D-9BCC-987D35966DCB}.Release|Any CPU.ActiveCfg = Release|Any CPU
		{B3195C86-DA1A-456D-9BCC-987D35966DCB}.Release|Any CPU.Build.0 = Release|Any CPU
	EndGlobalSection
	GlobalSection(SolutionProperties) = preSolution
		HideSolutionNode = FALSE
	EndGlobalSection
	GlobalSection(ExtensibilityGlobals) = postSolution
		SolutionGuid = {1CE62685-6F88-429E-9D1F-E97DEE809F94}
	EndGlobalSection
EndGlobal
